// !$*UTF8*$!
{
	archiveVersion = 1;
	classes = {
	};
	objectVersion = 46;
	objects = {

/* Begin PBXBuildFile section */
		1A58FE041A9232C300C68635 /* ex2.c in Sources */ = {isa = PBXBuildFile; fileRef = 1A58FE021A9232C300C68635 /* ex2.c */; };
		1AD629941A9691EB00898C5D /* spaceship.c in Sources */ = {isa = PBXBuildFile; fileRef = 1AD629921A9691EB00898C5D /* spaceship.c */; };
/* End PBXBuildFile section */

/* Begin PBXCopyFilesBuildPhase section */
		1A58FDF61A92328800C68635 /* CopyFiles */ = {
			isa = PBXCopyFilesBuildPhase;
			buildActionMask = 2147483647;
			dstPath = /usr/share/man/man1/;
			dstSubfolderSpec = 0;
			files = (
			);
			runOnlyForDeploymentPostprocessing = 1;
		};
/* End PBXCopyFilesBuildPhase section */

/* Begin PBXFileReference section */
		1A58FDF81A92328800C68635 /* grpahics-ex2 */ = {isa = PBXFileReference; explicitFileType = "compiled.mach-o.executable"; includeInIndex = 0; path = "grpahics-ex2"; sourceTree = BUILT_PRODUCTS_DIR; };
		1A58FE021A9232C300C68635 /* ex2.c */ = {isa = PBXFileReference; fileEncoding = 4; lastKnownFileType = sourcecode.c.c; path = ex2.c; sourceTree = "<group>"; };
		1A58FE031A9232C300C68635 /* sys */ = {isa = PBXFileReference; fileEncoding = 4; lastKnownFileType = text; path = sys; sourceTree = "<group>"; };
		1AD629921A9691EB00898C5D /* spaceship.c */ = {isa = PBXFileReference; fileEncoding = 4; lastKnownFileType = sourcecode.c.c; path = spaceship.c; sourceTree = "<group>"; };
		1AD629931A9691EB00898C5D /* spaceship.h */ = {isa = PBXFileReference; fileEncoding = 4; lastKnownFileType = sourcecode.c.h; path = spaceship.h; sourceTree = "<group>"; };
/* End PBXFileReference section */

/* Begin PBXFrameworksBuildPhase section */
		1A58FDF51A92328800C68635 /* Frameworks */ = {
			isa = PBXFrameworksBuildPhase;
			buildActionMask = 2147483647;
			files = (
			);
			runOnlyForDeploymentPostprocessing = 0;
		};
/* End PBXFrameworksBuildPhase section */

/* Begin PBXGroup section */
		1A58FDEF1A92328800C68635 = {
			isa = PBXGroup;
			children = (
				1AD629921A9691EB00898C5D /* spaceship.c */,
				1AD629931A9691EB00898C5D /* spaceship.h */,
				1A58FE021A9232C300C68635 /* ex2.c */,
				1A58FE031A9232C300C68635 /* sys */,
				1A58FDF91A92328800C68635 /* Products */,
			);
			sourceTree = "<group>";
		};
		1A58FDF91A92328800C68635 /* Products */ = {
			isa = PBXGroup;
			children = (
				1A58FDF81A92328800C68635 /* grpahics-ex2 */,
			);
			name = Products;
			sourceTree = "<group>";
		};
/* End PBXGroup section */

/* Begin PBXNativeTarget section */
		1A58FDF71A92328800C68635 /* grpahics-ex2 */ = {
			isa = PBXNativeTarget;
			buildConfigurationList = 1A58FDFF1A92328800C68635 /* Build configuration list for PBXNativeTarget "grpahics-ex2" */;
			buildPhases = (
				1A58FDF41A92328800C68635 /* Sources */,
				1A58FDF51A92328800C68635 /* Frameworks */,
				1A58FDF61A92328800C68635 /* CopyFiles */,
			);
			buildRules = (
			);
			dependencies = (
			);
			name = "grpahics-ex2";
			productName = "grpahics-ex2";
			productReference = 1A58FDF81A92328800C68635 /* grpahics-ex2 */;
			productType = "com.apple.product-type.tool";
		};
/* End PBXNativeTarget section */

/* Begin PBXProject section */
		1A58FDF01A92328800C68635 /* Project object */ = {
			isa = PBXProject;
			attributes = {
				LastUpgradeCheck = 0610;
				ORGANIZATIONNAME = "James Peach";
				TargetAttributes = {
					1A58FDF71A92328800C68635 = {
						CreatedOnToolsVersion = 6.1.1;
					};
				};
			};
			buildConfigurationList = 1A58FDF31A92328800C68635 /* Build configuration list for PBXProject "grpahics-ex2" */;
			compatibilityVersion = "Xcode 3.2";
			developmentRegion = English;
			hasScannedForEncodings = 0;
			knownRegions = (
				en,
			);
			mainGroup = 1A58FDEF1A92328800C68635;
			productRefGroup = 1A58FDF91A92328800C68635 /* Products */;
			projectDirPath = "";
			projectRoot = "";
			targets = (
				1A58FDF71A92328800C68635 /* grpahics-ex2 */,
			);
		};
/* End PBXProject section */

/* Begin PBXSourcesBuildPhase section */
		1A58FDF41A92328800C68635 /* Sources */ = {
			isa = PBXSourcesBuildPhase;
			buildActionMask = 2147483647;
			files = (
				1AD629941A9691EB00898C5D /* spaceship.c in Sources */,
				1A58FE041A9232C300C68635 /* ex2.c in Sources */,
			);
			runOnlyForDeploymentPostprocessing = 0;
		};
/* End PBXSourcesBuildPhase section */

/* Begin XCBuildConfiguration section */
		1A58FDFD1A92328800C68635 /* Debug */ = {
			isa = XCBuildConfiguration;
			buildSettings = {
				ALWAYS_SEARCH_USER_PATHS = NO;
				CLANG_CXX_LANGUAGE_STANDARD = "gnu++0x";
				CLANG_CXX_LIBRARY = "libc++";
				CLANG_ENABLE_MODULES = YES;
				CLANG_ENABLE_OBJC_ARC = YES;
				CLANG_WARN_BOOL_CONVERSION = YES;
				CLANG_WARN_CONSTANT_CONVERSION = YES;
				CLANG_WARN_DIRECT_OBJC_ISA_USAGE = YES_ERROR;
				CLANG_WARN_EMPTY_BODY = YES;
				CLANG_WARN_ENUM_CONVERSION = YES;
				CLANG_WARN_INT_CONVERSION = YES;
				CLANG_WARN_OBJC_ROOT_CLASS = YES_ERROR;
				CLANG_WARN_UNREACHABLE_CODE = YES;
				CLANG_WARN__DUPLICATE_METHOD_MATCH = YES;
				COPY_PHASE_STRIP = NO;
				ENABLE_STRICT_OBJC_MSGSEND = YES;
				GCC_C_LANGUAGE_STANDARD = gnu99;
				GCC_DYNAMIC_NO_PIC = NO;
				GCC_OPTIMIZATION_LEVEL = 0;
				GCC_PREPROCESSOR_DEFINITIONS = (
					"DEBUG=1",
					"$(inherited)",
				);
				GCC_SYMBOLS_PRIVATE_EXTERN = NO;
				GCC_WARN_64_TO_32_BIT_CONVERSION = YES;
				GCC_WARN_ABOUT_RETURN_TYPE = YES_ERROR;
				GCC_WARN_UNDECLARED_SELECTOR = YES;
				GCC_WARN_UNINITIALIZED_AUTOS = YES_AGGRESSIVE;
				GCC_WARN_UNUSED_FUNCTION = YES;
				GCC_WARN_UNUSED_VARIABLE = YES;
				MACOSX_DEPLOYMENT_TARGET = 10.10;
				MTL_ENABLE_DEBUG_INFO = YES;
				ONLY_ACTIVE_ARCH = YES;
				SDKROOT = macosx;
			};
			name = Debug;
		};
		1A58FDFE1A92328800C68635 /* Release */ = {
			isa = XCBuildConfiguration;
			buildSettings = {
				ALWAYS_SEARCH_USER_PATHS = NO;
				CLANG_CXX_LANGUAGE_STANDARD = "gnu++0x";
				CLANG_CXX_LIBRARY = "libc++";
				CLANG_ENABLE_MODULES = YES;
				CLANG_ENABLE_OBJC_ARC = YES;
				CLANG_WARN_BOOL_CONVERSION = YES;
				CLANG_WARN_CONSTANT_CONVERSION = YES;
				CLANG_WARN_DIRECT_OBJC_ISA_USAGE = YES_ERROR;
				CLANG_WARN_EMPTY_BODY = YES;
				CLANG_WARN_ENUM_CONVERSION = YES;
				CLANG_WARN_INT_CONVERSION = YES;
				CLANG_WARN_OBJC_ROOT_CLASS = YES_ERROR;
				CLANG_WARN_UNREACHABLE_CODE = YES;
				CLANG_WARN__DUPLICATE_METHOD_MATCH = YES;
				COPY_PHASE_STRIP = YES;
				DEBUG_INFORMATION_FORMAT = "dwarf-with-dsym";
				ENABLE_NS_ASSERTIONS = NO;
				ENABLE_STRICT_OBJC_MSGSEND = YES;
				GCC_C_LANGUAGE_STANDARD = gnu99;
				GCC_WARN_64_TO_32_BIT_CONVERSION = YES;
				GCC_WARN_ABOUT_RETURN_TYPE = YES_ERROR;
				GCC_WARN_UNDECLARED_SELECTOR = YES;
				GCC_WARN_UNINITIALIZED_AUTOS = YES_AGGRESSIVE;
				GCC_WARN_UNUSED_FUNCTION = YES;
				GCC_WARN_UNUSED_VARIABLE = YES;
				MACOSX_DEPLOYMENT_TARGET = 10.10;
				MTL_ENABLE_DEBUG_INFO = NO;
				SDKROOT = macosx;
			};
			name = Release;
		};
		1A58FE001A92328800C68635 /* Debug */ = {
			isa = XCBuildConfiguration;
			buildSettings = {
				GCC_WARN_ABOUT_DEPRECATED_FUNCTIONS = NO;
				PRODUCT_NAME = "$(TARGET_NAME)";
			};
			name = Debug;
		};
		1A58FE011A92328800C68635 /* Release */ = {
			isa = XCBuildConfiguration;
			buildSettings = {
				GCC_WARN_ABOUT_DEPRECATED_FUNCTIONS = NO;
				PRODUCT_NAME = "$(TARGET_NAME)";
			};
			name = Release;
		};
/* End XCBuildConfiguration section */

/* Begin XCConfigurationList section */
		1A58FDF31A92328800C68635 /* Build configuration list for PBXProject "grpahics-ex2" */ = {
			isa = XCConfigurationList;
			buildConfigurations = (
				1A58FDFD1A92328800C68635 /* Debug */,
				1A58FDFE1A92328800C68635 /* Release */,
			);
			defaultConfigurationIsVisible = 0;
			defaultConfigurationName = Release;
		};
		1A58FDFF1A92328800C68635 /* Build configuration list for PBXNativeTarget "grpahics-ex2" */ = {
			isa = XCConfigurationList;
			buildConfigurations = (
				1A58FE001A92328800C68635 /* Debug */,
				1A58FE011A92328800C68635 /* Release */,
			);
			defaultConfigurationIsVisible = 0;
			defaultConfigurationName = Release;
		};
/* End XCConfigurationList section */
	};
	rootObject = 1A58FDF01A92328800C68635 /* Project object */;
}
